dependencies:
- name: common
  repository: oci://registry-1.docker.io/bitnamicharts
  version: 2.29.1
- name: nats
  repository: oci://registry-1.docker.io/bitnamicharts
  version: 9.0.1
digest: sha256:9f40cdacd82ce0f4fd7e872f91f8d8183d2d0c80307e416ae659b30105d4ee11
generated: "2025-01-27T12:44:53.789536+02:00"
